
Microsoft Visual Studio Solution File, Format Version 11.00
# Visual Studio 2010
Project("{FAE04EC0-301F-11D3-BF4B-00C04F79EFBC}") = "Assembly-CSharp", "Assembly-CSharp.csproj", "{C1498A87-FFEB-194D-6C32-53A87D0C4E97}"
EndProject
Project("{FAE04EC0-301F-11D3-BF4B-00C04F79EFBC}") = "Assembly-CSharp-firstpass", "Assembly-CSharp-firstpass.csproj", "{88604595-8DE8-682E-79AD-B4EF2FA5CF08}"
EndProject
Project("{FAE04EC0-301F-11D3-BF4B-00C04F79EFBC}") = "Assembly-CSharp-Editor-firstpass", "Assembly-CSharp-Editor-firstpass.csproj", "{94730C3D-B71F-AD6B-E4D1-BAFB47610C88}"
EndProject
Global
	GlobalSection(SolutionConfigurationPlatforms) = preSolution
		Debug|Any CPU = Debug|Any CPU
		Release|Any CPU = Release|Any CPU
	EndGlobalSection
	GlobalSection(ProjectConfigurationPlatforms) = postSolution
		{C1498A87-FFEB-194D-6C32-53A87D0C4E97}.Debug|Any CPU.ActiveCfg = Debug|Any CPU
		{C1498A87-FFEB-194D-6C32-53A87D0C4E97}.Debug|Any CPU.Build.0 = Debug|Any CPU
		{C1498A87-FFEB-194D-6C32-53A87D0C4E97}.Release|Any CPU.ActiveCfg = Release|Any CPU
		{C1498A87-FFEB-194D-6C32-53A87D0C4E97}.Release|Any CPU.Build.0 = Release|Any CPU
		{88604595-8DE8-682E-79AD-B4EF2FA5CF08}.Debug|Any CPU.ActiveCfg = Debug|Any CPU
		{88604595-8DE8-682E-79AD-B4EF2FA5CF08}.Debug|Any CPU.Build.0 = Debug|Any CPU
		{88604595-8DE8-682E-79AD-B4EF2FA5CF08}.Release|Any CPU.ActiveCfg = Release|Any CPU
		{88604595-8DE8-682E-79AD-B4EF2FA5CF08}.Release|Any CPU.Build.0 = Release|Any CPU
		{94730C3D-B71F-AD6B-E4D1-BAFB47610C88}.Debug|Any CPU.ActiveCfg = Debug|Any CPU
		{94730C3D-B71F-AD6B-E4D1-BAFB47610C88}.Debug|Any CPU.Build.0 = Debug|Any CPU
		{94730C3D-B71F-AD6B-E4D1-BAFB47610C88}.Release|Any CPU.ActiveCfg = Release|Any CPU
		{94730C3D-B71F-AD6B-E4D1-BAFB47610C88}.Release|Any CPU.Build.0 = Release|Any CPU
	EndGlobalSection
	GlobalSection(SolutionProperties) = preSolution
		HideSolutionNode = FALSE
	EndGlobalSection
	GlobalSection(MonoDevelopProperties) = preSolution
		StartupItem = Assembly-CSharp.csproj
	EndGlobalSection
EndGlobal
